
Microsoft Visual Studio Solution File, Format Version 12.00
# Visual Studio Version 17
VisualStudioVersion = 17.2.32314.265
MinimumVisualStudioVersion = 10.0.40219.1
Project("{9A19103F-16F7-4668-BE54-9A1E7A4F7556}") = "BlazingPizza", "BlazingPizza.csproj", "{3E763B12-A9C3-481C-9EC6-18370D845566}"
EndProject
Global
	GlobalSection(SolutionConfigurationPlatforms) = preSolution
		Debug|Any CPU = Debug|Any CPU
		Release|Any CPU = Release|Any CPU
	EndGlobalSection
	GlobalSection(ProjectConfigurationPlatforms) = postSolution
		{3E763B12-A9C3-481C-9EC6-18370D845566}.Debug|Any CPU.ActiveCfg = Debug|Any CPU
		{3E763B12-A9C3-481C-9EC6-18370D845566}.Debug|Any CPU.Build.0 = Debug|Any CPU
		{3E763B12-A9C3-481C-9EC6-18370D845566}.Release|Any CPU.ActiveCfg = Release|Any CPU
		{3E763B12-A9C3-481C-9EC6-18370D845566}.Release|Any CPU.Build.0 = Release|Any CPU
	EndGlobalSection
	GlobalSection(SolutionProperties) = preSolution
		HideSolutionNode = FALSE
	EndGlobalSection
	GlobalSection(ExtensibilityGlobals) = postSolution
		SolutionGuid = {C6D50633-E1E0-4134-9270-9C0B9F3F28C9}
	EndGlobalSection
EndGlobal
